# THIS IS AN AUTOGENERATED FILE. DO NOT EDIT THIS FILE DIRECTLY.
# yarn lockfile v1


dotenv@^8.2.0:
  version "8.2.0"
  resolved "https://registry.npm.taobao.org/dotenv/download/dotenv-8.2.0.tgz?cache=0&other_urls=https%3A%2F%2Fregistry.npm.taobao.org%2Fdotenv%2Fdownload%2Fdotenv-8.2.0.tgz#97e619259ada750eea3e4ea3e26bceea5424b16a"
  integrity sha1-l+YZJZradQ7qPk6j4mvO6lQksWo=

slash2@^2.0.0:
  version "2.0.0"
  resolved "https://registry.npm.taobao.org/slash2/download/slash2-2.0.0.tgz#f4e0a11708b8545b912695981cf7096f52c63487"
  integrity sha1-9OChFwi4VFuRJpWYHPcJb1LGNIc=
